
Microsoft Visual Studio Solution File, Format Version 12.00
# Visual Studio Version 17
VisualStudioVersion = 17.5.33414.496
MinimumVisualStudioVersion = 10.0.40219.1
Project("{FAE04EC0-301F-11D3-BF4B-00C04F79EFBC}") = "Tab1", "Tab1\Tab1.csproj", "{D9BD93EB-7A57-4C01-8521-BED4D7B61944}"
EndProject
Global
	GlobalSection(SolutionConfigurationPlatforms) = preSolution
		Debug|Any CPU = Debug|Any CPU
		Release|Any CPU = Release|Any CPU
	EndGlobalSection
	GlobalSection(ProjectConfigurationPlatforms) = postSolution
		{D9BD93EB-7A57-4C01-8521-BED4D7B61944}.Debug|Any CPU.ActiveCfg = Debug|Any CPU
		{D9BD93EB-7A57-4C01-8521-BED4D7B61944}.Debug|Any CPU.Build.0 = Debug|Any CPU
		{D9BD93EB-7A57-4C01-8521-BED4D7B61944}.Release|Any CPU.ActiveCfg = Release|Any CPU
		{D9BD93EB-7A57-4C01-8521-BED4D7B61944}.Release|Any CPU.Build.0 = Release|Any CPU
	EndGlobalSection
	GlobalSection(SolutionProperties) = preSolution
		HideSolutionNode = FALSE
	EndGlobalSection
	GlobalSection(ExtensibilityGlobals) = postSolution
		SolutionGuid = {1FFFCAC3-2FB9-4406-945E-0627345FD130}
	EndGlobalSection
EndGlobal
